
Microsoft Visual Studio Solution File, Format Version 12.00
# Visual Studio Version 17
VisualStudioVersion = 17.0.31423.177
MinimumVisualStudioVersion = 10.0.40219.1
Project("{FAE04EC0-301F-11D3-BF4B-00C04F79EFBC}") = "PrismTest", "PrismTest.csproj", "{AE6C5BAD-BD87-4A0A-9F34-DC42CFA138C0}"
EndProject
Project("{2150E333-8FDC-42A3-9474-1A3956D46DE8}") = "Server", "Server", "{B0796C67-37E9-4340-92C5-F0A11AF9263A}"
EndProject
Project("{2150E333-8FDC-42A3-9474-1A3956D46DE8}") = "Contract", "Contract", "{2F957FE3-964B-40BB-8336-5AD77D9AA47C}"
EndProject
Project("{2150E333-8FDC-42A3-9474-1A3956D46DE8}") = "Contracts", "Contracts", "{66F718BE-723F-4251-8E0B-5BBE86ECB826}"
EndProject
Project("{2150E333-8FDC-42A3-9474-1A3956D46DE8}") = "Rpc", "Rpc", "{AAD22679-51E6-4347-8AF5-1439577C57FC}"
EndProject
Project("{2150E333-8FDC-42A3-9474-1A3956D46DE8}") = "Rpcs", "Rpcs", "{CB55DAA3-76F0-4E29-AE20-7B4D98DBB9CD}"
EndProject
Project("{2150E333-8FDC-42A3-9474-1A3956D46DE8}") = "Cache", "Cache", "{0F9CEC65-506C-4714-A688-1A0ADDD48264}"
EndProject
Project("{9A19103F-16F7-4668-BE54-9A1E7A4F7556}") = "CacheCore", "Server\Cache\CacheCore\CacheCore.csproj", "{82D7F037-DF34-4B4E-8F39-8256167D13FE}"
EndProject
Project("{9A19103F-16F7-4668-BE54-9A1E7A4F7556}") = "ContractCore", "Server\Contract\ContractCore\ContractCore.csproj", "{CA38A32E-CA6B-4FB9-AB81-945B0677B973}"
EndProject
Project("{9A19103F-16F7-4668-BE54-9A1E7A4F7556}") = "RpcCore", "Server\Rpc\RpcCore\RpcCore.csproj", "{A7A76AD2-159E-4C68-9818-7568ADDEEAD1}"
EndProject
Project("{9A19103F-16F7-4668-BE54-9A1E7A4F7556}") = "CacheContracts", "Server\Contract\Contracts\CacheContract\CacheContracts.csproj", "{9C0D31ED-D5A2-4C68-B430-70DF6CF636F4}"
EndProject
Project("{9A19103F-16F7-4668-BE54-9A1E7A4F7556}") = "CoreContracts", "Server\Contract\Contracts\CoreContracts\CoreContracts.csproj", "{4CA5E2BD-E667-45EA-9F93-D8A3ED107BDF}"
EndProject
Project("{9A19103F-16F7-4668-BE54-9A1E7A4F7556}") = "LogContracts", "Server\Contract\Contracts\LogContracts\LogContracts.csproj", "{A62D5749-8E4A-4541-94E7-F726BF18431E}"
EndProject
Project("{9A19103F-16F7-4668-BE54-9A1E7A4F7556}") = "UltimateContracts", "Server\Contract\Contracts\Contracts\UltimateContracts\UltimateContracts.csproj", "{C6B75437-2502-43F4-8501-1CA0B0584D32}"
EndProject
Project("{FAE04EC0-301F-11D3-BF4B-00C04F79EFBC}") = "CoreRpc", "Server\Rpc\Rpcs\CoreRpc\CoreRpc.csproj", "{D7497B65-ABC2-4808-B7A6-1D49C4BAE313}"
EndProject
Project("{FAE04EC0-301F-11D3-BF4B-00C04F79EFBC}") = "CacheRpc", "Server\Rpc\Rpcs\CacheRpc\CacheRpc.csproj", "{EFA434FA-6D70-4FA6-A01C-272CCCE5D5F8}"
EndProject
Project("{FAE04EC0-301F-11D3-BF4B-00C04F79EFBC}") = "LogRpc", "Server\Rpc\Rpcs\LogRpc\LogRpc.csproj", "{B21217DF-A999-4741-8994-C586F64CC034}"
EndProject
Project("{FAE04EC0-301F-11D3-BF4B-00C04F79EFBC}") = "UltimateRpc", "Server\Rpc\Rpcs\UltimateRpc\UltimateRpc.csproj", "{607D356A-567A-4DAE-B9B6-8204F67DBED1}"
EndProject
Global
	GlobalSection(SolutionConfigurationPlatforms) = preSolution
		Debug|Any CPU = Debug|Any CPU
		Release|Any CPU = Release|Any CPU
	EndGlobalSection
	GlobalSection(ProjectConfigurationPlatforms) = postSolution
		{AE6C5BAD-BD87-4A0A-9F34-DC42CFA138C0}.Debug|Any CPU.ActiveCfg = Debug|Any CPU
		{AE6C5BAD-BD87-4A0A-9F34-DC42CFA138C0}.Debug|Any CPU.Build.0 = Debug|Any CPU
		{AE6C5BAD-BD87-4A0A-9F34-DC42CFA138C0}.Release|Any CPU.ActiveCfg = Release|Any CPU
		{AE6C5BAD-BD87-4A0A-9F34-DC42CFA138C0}.Release|Any CPU.Build.0 = Release|Any CPU
		{82D7F037-DF34-4B4E-8F39-8256167D13FE}.Debug|Any CPU.ActiveCfg = Debug|Any CPU
		{82D7F037-DF34-4B4E-8F39-8256167D13FE}.Debug|Any CPU.Build.0 = Debug|Any CPU
		{82D7F037-DF34-4B4E-8F39-8256167D13FE}.Release|Any CPU.ActiveCfg = Release|Any CPU
		{82D7F037-DF34-4B4E-8F39-8256167D13FE}.Release|Any CPU.Build.0 = Release|Any CPU
		{CA38A32E-CA6B-4FB9-AB81-945B0677B973}.Debug|Any CPU.ActiveCfg = Debug|Any CPU
		{CA38A32E-CA6B-4FB9-AB81-945B0677B973}.Debug|Any CPU.Build.0 = Debug|Any CPU
		{CA38A32E-CA6B-4FB9-AB81-945B0677B973}.Release|Any CPU.ActiveCfg = Release|Any CPU
		{CA38A32E-CA6B-4FB9-AB81-945B0677B973}.Release|Any CPU.Build.0 = Release|Any CPU
		{A7A76AD2-159E-4C68-9818-7568ADDEEAD1}.Debug|Any CPU.ActiveCfg = Debug|Any CPU
		{A7A76AD2-159E-4C68-9818-7568ADDEEAD1}.Debug|Any CPU.Build.0 = Debug|Any CPU
		{A7A76AD2-159E-4C68-9818-7568ADDEEAD1}.Release|Any CPU.ActiveCfg = Release|Any CPU
		{A7A76AD2-159E-4C68-9818-7568ADDEEAD1}.Release|Any CPU.Build.0 = Release|Any CPU
		{9C0D31ED-D5A2-4C68-B430-70DF6CF636F4}.Debug|Any CPU.ActiveCfg = Debug|Any CPU
		{9C0D31ED-D5A2-4C68-B430-70DF6CF636F4}.Debug|Any CPU.Build.0 = Debug|Any CPU
		{9C0D31ED-D5A2-4C68-B430-70DF6CF636F4}.Release|Any CPU.ActiveCfg = Release|Any CPU
		{9C0D31ED-D5A2-4C68-B430-70DF6CF636F4}.Release|Any CPU.Build.0 = Release|Any CPU
		{4CA5E2BD-E667-45EA-9F93-D8A3ED107BDF}.Debug|Any CPU.ActiveCfg = Debug|Any CPU
		{4CA5E2BD-E667-45EA-9F93-D8A3ED107BDF}.Debug|Any CPU.Build.0 = Debug|Any CPU
		{4CA5E2BD-E667-45EA-9F93-D8A3ED107BDF}.Release|Any CPU.ActiveCfg = Release|Any CPU
		{4CA5E2BD-E667-45EA-9F93-D8A3ED107BDF}.Release|Any CPU.Build.0 = Release|Any CPU
		{A62D5749-8E4A-4541-94E7-F726BF18431E}.Debug|Any CPU.ActiveCfg = Debug|Any CPU
		{A62D5749-8E4A-4541-94E7-F726BF18431E}.Debug|Any CPU.Build.0 = Debug|Any CPU
		{A62D5749-8E4A-4541-94E7-F726BF18431E}.Release|Any CPU.ActiveCfg = Release|Any CPU
		{A62D5749-8E4A-4541-94E7-F726BF18431E}.Release|Any CPU.Build.0 = Release|Any CPU
		{C6B75437-2502-43F4-8501-1CA0B0584D32}.Debug|Any CPU.ActiveCfg = Debug|Any CPU
		{C6B75437-2502-43F4-8501-1CA0B0584D32}.Debug|Any CPU.Build.0 = Debug|Any CPU
		{C6B75437-2502-43F4-8501-1CA0B0584D32}.Release|Any CPU.ActiveCfg = Release|Any CPU
		{C6B75437-2502-43F4-8501-1CA0B0584D32}.Release|Any CPU.Build.0 = Release|Any CPU
		{D7497B65-ABC2-4808-B7A6-1D49C4BAE313}.Debug|Any CPU.ActiveCfg = Debug|Any CPU
		{D7497B65-ABC2-4808-B7A6-1D49C4BAE313}.Debug|Any CPU.Build.0 = Debug|Any CPU
		{D7497B65-ABC2-4808-B7A6-1D49C4BAE313}.Release|Any CPU.ActiveCfg = Release|Any CPU
		{D7497B65-ABC2-4808-B7A6-1D49C4BAE313}.Release|Any CPU.Build.0 = Release|Any CPU
		{EFA434FA-6D70-4FA6-A01C-272CCCE5D5F8}.Debug|Any CPU.ActiveCfg = Debug|Any CPU
		{EFA434FA-6D70-4FA6-A01C-272CCCE5D5F8}.Debug|Any CPU.Build.0 = Debug|Any CPU
		{EFA434FA-6D70-4FA6-A01C-272CCCE5D5F8}.Release|Any CPU.ActiveCfg = Release|Any CPU
		{EFA434FA-6D70-4FA6-A01C-272CCCE5D5F8}.Release|Any CPU.Build.0 = Release|Any CPU
		{B21217DF-A999-4741-8994-C586F64CC034}.Debug|Any CPU.ActiveCfg = Debug|Any CPU
		{B21217DF-A999-4741-8994-C586F64CC034}.Debug|Any CPU.Build.0 = Debug|Any CPU
		{B21217DF-A999-4741-8994-C586F64CC034}.Release|Any CPU.ActiveCfg = Release|Any CPU
		{B21217DF-A999-4741-8994-C586F64CC034}.Release|Any CPU.Build.0 = Release|Any CPU
		{607D356A-567A-4DAE-B9B6-8204F67DBED1}.Debug|Any CPU.ActiveCfg = Debug|Any CPU
		{607D356A-567A-4DAE-B9B6-8204F67DBED1}.Debug|Any CPU.Build.0 = Debug|Any CPU
		{607D356A-567A-4DAE-B9B6-8204F67DBED1}.Release|Any CPU.ActiveCfg = Release|Any CPU
		{607D356A-567A-4DAE-B9B6-8204F67DBED1}.Release|Any CPU.Build.0 = Release|Any CPU
	EndGlobalSection
	GlobalSection(SolutionProperties) = preSolution
		HideSolutionNode = FALSE
	EndGlobalSection
	GlobalSection(NestedProjects) = preSolution
		{2F957FE3-964B-40BB-8336-5AD77D9AA47C} = {B0796C67-37E9-4340-92C5-F0A11AF9263A}
		{66F718BE-723F-4251-8E0B-5BBE86ECB826} = {2F957FE3-964B-40BB-8336-5AD77D9AA47C}
		{AAD22679-51E6-4347-8AF5-1439577C57FC} = {B0796C67-37E9-4340-92C5-F0A11AF9263A}
		{CB55DAA3-76F0-4E29-AE20-7B4D98DBB9CD} = {AAD22679-51E6-4347-8AF5-1439577C57FC}
		{0F9CEC65-506C-4714-A688-1A0ADDD48264} = {B0796C67-37E9-4340-92C5-F0A11AF9263A}
		{82D7F037-DF34-4B4E-8F39-8256167D13FE} = {0F9CEC65-506C-4714-A688-1A0ADDD48264}
		{CA38A32E-CA6B-4FB9-AB81-945B0677B973} = {2F957FE3-964B-40BB-8336-5AD77D9AA47C}
		{A7A76AD2-159E-4C68-9818-7568ADDEEAD1} = {AAD22679-51E6-4347-8AF5-1439577C57FC}
		{9C0D31ED-D5A2-4C68-B430-70DF6CF636F4} = {66F718BE-723F-4251-8E0B-5BBE86ECB826}
		{4CA5E2BD-E667-45EA-9F93-D8A3ED107BDF} = {66F718BE-723F-4251-8E0B-5BBE86ECB826}
		{A62D5749-8E4A-4541-94E7-F726BF18431E} = {66F718BE-723F-4251-8E0B-5BBE86ECB826}
		{C6B75437-2502-43F4-8501-1CA0B0584D32} = {66F718BE-723F-4251-8E0B-5BBE86ECB826}
		{D7497B65-ABC2-4808-B7A6-1D49C4BAE313} = {CB55DAA3-76F0-4E29-AE20-7B4D98DBB9CD}
		{EFA434FA-6D70-4FA6-A01C-272CCCE5D5F8} = {CB55DAA3-76F0-4E29-AE20-7B4D98DBB9CD}
		{B21217DF-A999-4741-8994-C586F64CC034} = {CB55DAA3-76F0-4E29-AE20-7B4D98DBB9CD}
		{607D356A-567A-4DAE-B9B6-8204F67DBED1} = {CB55DAA3-76F0-4E29-AE20-7B4D98DBB9CD}
	EndGlobalSection
	GlobalSection(ExtensibilityGlobals) = postSolution
		VisualSVNWorkingCopyRoot = .
		SolutionGuid = {0FA408FC-54F9-4306-BB83-51F69A230202}
	EndGlobalSection
EndGlobal
